Microsoft Visual Studio Solution File, Format Version 11.00
# Visual Studio 2008

Project("{53000BC5-0F70-6288-AC70-4BACCA4DDDCE}") = "NecroJam", "Assembly-CSharp-firstpass.csproj", "{BB9D3393-456C-51A3-085F-E7C57A96B000}"
EndProject
Project("{53000BC5-0F70-6288-AC70-4BACCA4DDDCE}") = "NecroJam", "Assembly-CSharp.csproj", "{778D8041-8D04-0116-6BEE-9A824104DF44}"
EndProject
Project("{53000BC5-0F70-6288-AC70-4BACCA4DDDCE}") = "NecroJam", "Assembly-UnityScript-firstpass.unityproj", "{43F8CDF9-7AF3-E92A-6DA5-771965868BA7}"
EndProject
Global
	GlobalSection(SolutionConfigurationPlatforms) = preSolution
		Debug|Any CPU = Debug|Any CPU
		Release|Any CPU = Release|Any CPU
	EndGlobalSection
	GlobalSection(ProjectConfigurationPlatforms) = postSolution
		{BB9D3393-456C-51A3-085F-E7C57A96B000}.Debug|Any CPU.ActiveCfg = Debug|Any CPU
		{BB9D3393-456C-51A3-085F-E7C57A96B000}.Debug|Any CPU.Build.0 = Debug|Any CPU
		{BB9D3393-456C-51A3-085F-E7C57A96B000}.Release|Any CPU.ActiveCfg = Release|Any CPU
		{BB9D3393-456C-51A3-085F-E7C57A96B000}.Release|Any CPU.Build.0 = Release|Any CPU
		{778D8041-8D04-0116-6BEE-9A824104DF44}.Debug|Any CPU.ActiveCfg = Debug|Any CPU
		{778D8041-8D04-0116-6BEE-9A824104DF44}.Debug|Any CPU.Build.0 = Debug|Any CPU
		{778D8041-8D04-0116-6BEE-9A824104DF44}.Release|Any CPU.ActiveCfg = Release|Any CPU
		{778D8041-8D04-0116-6BEE-9A824104DF44}.Release|Any CPU.Build.0 = Release|Any CPU
		{43F8CDF9-7AF3-E92A-6DA5-771965868BA7}.Debug|Any CPU.ActiveCfg = Debug|Any CPU
		{43F8CDF9-7AF3-E92A-6DA5-771965868BA7}.Debug|Any CPU.Build.0 = Debug|Any CPU
		{43F8CDF9-7AF3-E92A-6DA5-771965868BA7}.Release|Any CPU.ActiveCfg = Release|Any CPU
		{43F8CDF9-7AF3-E92A-6DA5-771965868BA7}.Release|Any CPU.Build.0 = Release|Any CPU
	EndGlobalSection
	GlobalSection(SolutionProperties) = preSolution
		HideSolutionNode = FALSE
	EndGlobalSection
					GlobalSection(MonoDevelopProperties) = preSolution
		StartupItem = Assembly-CSharp.csproj
		Policies = $0
		$0.TextStylePolicy = $1
		$1.inheritsSet = null
		$1.scope = text/x-csharp
		$0.CSharpFormattingPolicy = $2
		$2.inheritsSet = Mono
		$2.inheritsScope = text/x-csharp
		$2.scope = text/x-csharp
		$0.TextStylePolicy = $3
		$3.FileWidth = 120
		$3.TabWidth = 4
		$3.EolMarker = Unix
		$3.inheritsSet = Mono
		$3.inheritsScope = text/plain
		$3.scope = text/plain
	EndGlobalSection

EndGlobal
